// !$*UTF8*$!
{
	archiveVersion = 1;
	classes = {
	};
	objectVersion = 77;
	objects = {

/* Begin PBXContainerItemProxy section */
		A52B67572D70363300EBCC94 /* PBXContainerItemProxy */ = {
			isa = PBXContainerItemProxy;
			containerPortal = A52B67382D70363100EBCC94 /* Project object */;
			proxyType = 1;
			remoteGlobalIDString = A52B673F2D70363100EBCC94;
			remoteInfo = Hard_MAD;
		};
		A52B67612D70363300EBCC94 /* PBXContainerItemProxy */ = {
			isa = PBXContainerItemProxy;
			containerPortal = A52B67382D70363100EBCC94 /* Project object */;
			proxyType = 1;
			remoteGlobalIDString = A52B673F2D70363100EBCC94;
			remoteInfo = Hard_MAD;
		};
/* End PBXContainerItemProxy section */

/* Begin PBXFileReference section */
		A52B67402D70363100EBCC94 /* Hard_MAD.app */ = {isa = PBXFileReference; explicitFileType = wrapper.application; includeInIndex = 0; path = Hard_MAD.app; sourceTree = BUILT_PRODUCTS_DIR; };
		A52B67562D70363300EBCC94 /* Hard_MADTests.xctest */ = {isa = PBXFileReference; explicitFileType = wrapper.cfbundle; includeInIndex = 0; path = Hard_MADTests.xctest; sourceTree = BUILT_PRODUCTS_DIR; };
		A52B67602D70363300EBCC94 /* Hard_MADUITests.xctest */ = {isa = PBXFileReference; explicitFileType = wrapper.cfbundle; includeInIndex = 0; path = Hard_MADUITests.xctest; sourceTree = BUILT_PRODUCTS_DIR; };
/* End PBXFileReference section */

/* Begin PBXFileSystemSynchronizedBuildFileExceptionSet section */
		A52B67682D70363300EBCC94 /* Exceptions for "Hard_MAD" folder in "Hard_MAD" target */ = {
			isa = PBXFileSystemSynchronizedBuildFileExceptionSet;
			membershipExceptions = (
				Info.plist,
			);
			target = A52B673F2D70363100EBCC94 /* Hard_MAD */;
		};
/* End PBXFileSystemSynchronizedBuildFileExceptionSet section */

/* Begin PBXFileSystemSynchronizedRootGroup section */
		A52B67422D70363100EBCC94 /* Hard_MAD */ = {
			isa = PBXFileSystemSynchronizedRootGroup;
			exceptions = (
				A52B67682D70363300EBCC94 /* Exceptions for "Hard_MAD" folder in "Hard_MAD" target */,
			);
			path = Hard_MAD;
			sourceTree = "<group>";
		};
		A52B67592D70363300EBCC94 /* Hard_MADTests */ = {
			isa = PBXFileSystemSynchronizedRootGroup;
			path = Hard_MADTests;
			sourceTree = "<group>";
		};
		A52B67632D70363300EBCC94 /* Hard_MADUITests */ = {
			isa = PBXFileSystemSynchronizedRootGroup;
			path = Hard_MADUITests;
			sourceTree = "<group>";
		};
/* End PBXFileSystemSynchronizedRootGroup section */

/* Begin PBXFrameworksBuildPhase section */
		A52B673D2D70363100EBCC94 /* Frameworks */ = {
			isa = PBXFrameworksBuildPhase;
			buildActionMask = 2147483647;
			files = (
			);
			runOnlyForDeploymentPostprocessing = 0;
		};
		A52B67532D70363300EBCC94 /* Frameworks */ = {
			isa = PBXFrameworksBuildPhase;
			buildActionMask = 2147483647;
			files = (
			);
			runOnlyForDeploymentPostprocessing = 0;
		};
		A52B675D2D70363300EBCC94 /* Frameworks */ = {
			isa = PBXFrameworksBuildPhase;
			buildActionMask = 2147483647;
			files = (
			);
			runOnlyForDeploymentPostprocessing = 0;
		};
/* End PBXFrameworksBuildPhase section */

/* Begin PBXGroup section */
		A52B67372D70363100EBCC94 = {
			isa = PBXGroup;
			children = (
				A52B67422D70363100EBCC94 /* Hard_MAD */,
				A52B67592D70363300EBCC94 /* Hard_MADTests */,
				A52B67632D70363300EBCC94 /* Hard_MADUITests */,
				A52B67412D70363100EBCC94 /* Products */,
			);
			sourceTree = "<group>";
		};
		A52B67412D70363100EBCC94 /* Products */ = {
			isa = PBXGroup;
			children = (
				A52B67402D70363100EBCC94 /* Hard_MAD.app */,
				A52B67562D70363300EBCC94 /* Hard_MADTests.xctest */,
				A52B67602D70363300EBCC94 /* Hard_MADUITests.xctest */,
			);
			name = Products;
			sourceTree = "<group>";
		};
/* End PBXGroup section */

/* Begin PBXNativeTarget section */
		A52B673F2D70363100EBCC94 /* Hard_MAD */ = {
			isa = PBXNativeTarget;
			buildConfigurationList = A52B67692D70363300EBCC94 /* Build configuration list for PBXNativeTarget "Hard_MAD" */;
			buildPhases = (
				A52B673C2D70363100EBCC94 /* Sources */,
				A52B673D2D70363100EBCC94 /* Frameworks */,
				A52B673E2D70363100EBCC94 /* Resources */,
			);
			buildRules = (
			);
			dependencies = (
			);
			fileSystemSynchronizedGroups = (
				A52B67422D70363100EBCC94 /* Hard_MAD */,
			);
			name = Hard_MAD;
			packageProductDependencies = (
			);
			productName = Hard_MAD;
			productReference = A52B67402D70363100EBCC94 /* Hard_MAD.app */;
			productType = "com.apple.product-type.application";
		};
		A52B67552D70363300EBCC94 /* Hard_MADTests */ = {
			isa = PBXNativeTarget;
			buildConfigurationList = A52B676E2D70363300EBCC94 /* Build configuration list for PBXNativeTarget "Hard_MADTests" */;
			buildPhases = (
				A52B67522D70363300EBCC94 /* Sources */,
				A52B67532D70363300EBCC94 /* Frameworks */,
				A52B67542D70363300EBCC94 /* Resources */,
			);
			buildRules = (
			);
			dependencies = (
				A52B67582D70363300EBCC94 /* PBXTargetDependency */,
			);
			fileSystemSynchronizedGroups = (
				A52B67592D70363300EBCC94 /* Hard_MADTests */,
			);
			name = Hard_MADTests;
			packageProductDependencies = (
			);
			productName = Hard_MADTests;
			productReference = A52B67562D70363300EBCC94 /* Hard_MADTests.xctest */;
			productType = "com.apple.product-type.bundle.unit-test";
		};
		A52B675F2D70363300EBCC94 /* Hard_MADUITests */ = {
			isa = PBXNativeTarget;
			buildConfigurationList = A52B67712D70363300EBCC94 /* Build configuration list for PBXNativeTarget "Hard_MADUITests" */;
			buildPhases = (
				A52B675C2D70363300EBCC94 /* Sources */,
				A52B675D2D70363300EBCC94 /* Frameworks */,
				A52B675E2D70363300EBCC94 /* Resources */,
			);
			buildRules = (
			);
			dependencies = (
				A52B67622D70363300EBCC94 /* PBXTargetDependency */,
			);
			fileSystemSynchronizedGroups = (
				A52B67632D70363300EBCC94 /* Hard_MADUITests */,
			);
			name = Hard_MADUITests;
			packageProductDependencies = (
			);
			productName = Hard_MADUITests;
			productReference = A52B67602D70363300EBCC94 /* Hard_MADUITests.xctest */;
			productType = "com.apple.product-type.bundle.ui-testing";
		};
/* End PBXNativeTarget section */

/* Begin PBXProject section */
		A52B67382D70363100EBCC94 /* Project object */ = {
			isa = PBXProject;
			attributes = {
				BuildIndependentTargetsInParallel = 1;
				LastSwiftUpdateCheck = 1620;
				LastUpgradeCheck = 1620;
				TargetAttributes = {
					A52B673F2D70363100EBCC94 = {
						CreatedOnToolsVersion = 16.2;
					};
					A52B67552D70363300EBCC94 = {
						CreatedOnToolsVersion = 16.2;
						TestTargetID = A52B673F2D70363100EBCC94;
					};
					A52B675F2D70363300EBCC94 = {
						CreatedOnToolsVersion = 16.2;
						TestTargetID = A52B673F2D70363100EBCC94;
					};
				};
			};
			buildConfigurationList = A52B673B2D70363100EBCC94 /* Build configuration list for PBXProject "Hard_MAD" */;
			developmentRegion = ru;
			hasScannedForEncodings = 0;
			knownRegions = (
				en,
				ru,
			);
			mainGroup = A52B67372D70363100EBCC94;
			minimizedProjectReferenceProxies = 1;
			preferredProjectObjectVersion = 77;
			productRefGroup = A52B67412D70363100EBCC94 /* Products */;
			projectDirPath = "";
			projectRoot = "";
			targets = (
				A52B673F2D70363100EBCC94 /* Hard_MAD */,
				A52B67552D70363300EBCC94 /* Hard_MADTests */,
				A52B675F2D70363300EBCC94 /* Hard_MADUITests */,
			);
		};
/* End PBXProject section */

/* Begin PBXResourcesBuildPhase section */
		A52B673E2D70363100EBCC94 /* Resources */ = {
			isa = PBXResourcesBuildPhase;
			buildActionMask = 2147483647;
			files = (
			);
			runOnlyForDeploymentPostprocessing = 0;
		};
		A52B67542D70363300EBCC94 /* Resources */ = {
			isa = PBXResourcesBuildPhase;
			buildActionMask = 2147483647;
			files = (
			);
			runOnlyForDeploymentPostprocessing = 0;
		};
		A52B675E2D70363300EBCC94 /* Resources */ = {
			isa = PBXResourcesBuildPhase;
			buildActionMask = 2147483647;
			files = (
			);
			runOnlyForDeploymentPostprocessing = 0;
		};
/* End PBXResourcesBuildPhase section */

/* Begin PBXSourcesBuildPhase section */
		A52B673C2D70363100EBCC94 /* Sources */ = {
			isa = PBXSourcesBuildPhase;
			buildActionMask = 2147483647;
			files = (
			);
			runOnlyForDeploymentPostprocessing = 0;
		};
		A52B67522D70363300EBCC94 /* Sources */ = {
			isa = PBXSourcesBuildPhase;
			buildActionMask = 2147483647;
			files = (
			);
			runOnlyForDeploymentPostprocessing = 0;
		};
		A52B675C2D70363300EBCC94 /* Sources */ = {
			isa = PBXSourcesBuildPhase;
			buildActionMask = 2147483647;
			files = (
			);
			runOnlyForDeploymentPostprocessing = 0;
		};
/* End PBXSourcesBuildPhase section */

/* Begin PBXTargetDependency section */
		A52B67582D70363300EBCC94 /* PBXTargetDependency */ = {
			isa = PBXTargetDependency;
			target = A52B673F2D70363100EBCC94 /* Hard_MAD */;
			targetProxy = A52B67572D70363300EBCC94 /* PBXContainerItemProxy */;
		};
		A52B67622D70363300EBCC94 /* PBXTargetDependency */ = {
			isa = PBXTargetDependency;
			target = A52B673F2D70363100EBCC94 /* Hard_MAD */;
			targetProxy = A52B67612D70363300EBCC94 /* PBXContainerItemProxy */;
		};
/* End PBXTargetDependency section */

/* Begin XCBuildConfiguration section */
		A52B676A2D70363300EBCC94 /* Debug */ = {
			isa = XCBuildConfiguration;
			buildSettings = {
				ASSETCATALOG_COMPILER_APPICON_NAME = AppIcon;
				ASSETCATALOG_COMPILER_GLOBAL_ACCENT_COLOR_NAME = AccentColor;
				CODE_SIGN_STYLE = Automatic;
				CURRENT_PROJECT_VERSION = 1;
				DEVELOPMENT_TEAM = QN79D4T9G3;
				GENERATE_INFOPLIST_FILE = YES;
				INFOPLIST_FILE = Hard_MAD/Info.plist;
				INFOPLIST_KEY_LSApplicationCategoryType = "public.app-category.lifestyle";
				INFOPLIST_KEY_UIApplicationSupportsIndirectInputEvents = YES;
				INFOPLIST_KEY_UILaunchStoryboardName = LaunchScreen;
				INFOPLIST_KEY_UIStatusBarStyle = "";
				INFOPLIST_KEY_UISupportedInterfaceOrientations_iPad = UIInterfaceOrientationPortrait;
				INFOPLIST_KEY_UISupportedInterfaceOrientations_iPhone = UIInterfaceOrientationPortrait;
				LD_RUNPATH_SEARCH_PATHS = (
					"$(inherited)",
					"@executable_path/Frameworks",
				);
				MARKETING_VERSION = 1.0;
				PRODUCT_BUNDLE_IDENTIFIER = "boo.Hard-MAD";
				PRODUCT_NAME = "$(TARGET_NAME)";
				SWIFT_EMIT_LOC_STRINGS = YES;
				SWIFT_VERSION = 6.0;
				TARGETED_DEVICE_FAMILY = "1,2";
			};
			name = Debug;
		};
		A52B676B2D70363300EBCC94 /* Release */ = {
			isa = XCBuildConfiguration;
			buildSettings = {
				ASSETCATALOG_COMPILER_APPICON_NAME = AppIcon;
				ASSETCATALOG_COMPILER_GLOBAL_ACCENT_COLOR_NAME = AccentColor;
				CODE_SIGN_STYLE = Automatic;
				CURRENT_PROJECT_VERSION = 1;
				DEVELOPMENT_TEAM = QN79D4T9G3;
				GENERATE_INFOPLIST_FILE = YES;
				INFOPLIST_FILE = Hard_MAD/Info.plist;
				INFOPLIST_KEY_LSApplicationCategoryType = "public.app-category.lifestyle";
				INFOPLIST_KEY_UIApplicationSupportsIndirectInputEvents = YES;
				INFOPLIST_KEY_UILaunchStoryboardName = LaunchScreen;
				INFOPLIST_KEY_UIStatusBarStyle = "";
				INFOPLIST_KEY_UISupportedInterfaceOrientations_iPad = UIInterfaceOrientationPortrait;
				INFOPLIST_KEY_UISupportedInterfaceOrientations_iPhone = UIInterfaceOrientationPortrait;
				LD_RUNPATH_SEARCH_PATHS = (
					"$(inherited)",
					"@executable_path/Frameworks",
				);
				MARKETING_VERSION = 1.0;
				PRODUCT_BUNDLE_IDENTIFIER = "boo.Hard-MAD";
				PRODUCT_NAME = "$(TARGET_NAME)";
				SWIFT_EMIT_LOC_STRINGS = YES;
				SWIFT_VERSION = 6.0;
				TARGETED_DEVICE_FAMILY = "1,2";
			};
			name = Release;
		};
		A52B676C2D70363300EBCC94 /* Debug */ = {
			isa = XCBuildConfiguration;
			buildSettings = {
				ALWAYS_SEARCH_USER_PATHS = NO;
				ASSETCATALOG_COMPILER_GENERATE_SWIFT_ASSET_SYMBOL_EXTENSIONS = YES;
				CLANG_ANALYZER_LOCALIZABILITY_NONLOCALIZED = YES;
				CLANG_ANALYZER_NONNULL = YES;
				CLANG_ANALYZER_NUMBER_OBJECT_CONVERSION = YES_AGGRESSIVE;
				CLANG_CXX_LANGUAGE_STANDARD = "gnu++20";
				CLANG_ENABLE_MODULES = YES;
				CLANG_ENABLE_OBJC_ARC = YES;
				CLANG_ENABLE_OBJC_WEAK = YES;
				CLANG_WARN_BLOCK_CAPTURE_AUTORELEASING = YES;
				CLANG_WARN_BOOL_CONVERSION = YES;
				CLANG_WARN_COMMA = YES;
				CLANG_WARN_CONSTANT_CONVERSION = YES;
				CLANG_WARN_DEPRECATED_OBJC_IMPLEMENTATIONS = YES;
				CLANG_WARN_DIRECT_OBJC_ISA_USAGE = YES_ERROR;
				CLANG_WARN_DOCUMENTATION_COMMENTS = YES;
				CLANG_WARN_EMPTY_BODY = YES;
				CLANG_WARN_ENUM_CONVERSION = YES;
				CLANG_WARN_INFINITE_RECURSION = YES;
				CLANG_WARN_INT_CONVERSION = YES;
				CLANG_WARN_NON_LITERAL_NULL_CONVERSION = YES;
				CLANG_WARN_OBJC_IMPLICIT_RETAIN_SELF = YES;
				CLANG_WARN_OBJC_LITERAL_CONVERSION = YES;
				CLANG_WARN_OBJC_ROOT_CLASS = YES_ERROR;
				CLANG_WARN_QUOTED_INCLUDE_IN_FRAMEWORK_HEADER = YES;
				CLANG_WARN_RANGE_LOOP_ANALYSIS = YES;
				CLANG_WARN_STRICT_PROTOTYPES = YES;
				CLANG_WARN_SUSPICIOUS_MOVE = YES;
				CLANG_WARN_UNGUARDED_AVAILABILITY = YES_AGGRESSIVE;
				CLANG_WARN_UNREACHABLE_CODE = YES;
				CLANG_WARN__DUPLICATE_METHOD_MATCH = YES;
				COPY_PHASE_STRIP = NO;
				DEBUG_INFORMATION_FORMAT = dwarf;
				ENABLE_STRICT_OBJC_MSGSEND = YES;
				ENABLE_TESTABILITY = YES;
				ENABLE_USER_SCRIPT_SANDBOXING = YES;
				GCC_C_LANGUAGE_STANDARD = gnu17;
				GCC_DYNAMIC_NO_PIC = NO;
				GCC_NO_COMMON_BLOCKS = YES;
				GCC_OPTIMIZATION_LEVEL = 0;
				GCC_PREPROCESSOR_DEFINITIONS = (
					"DEBUG=1",
					"$(inherited)",
				);
				GCC_WARN_64_TO_32_BIT_CONVERSION = YES;
				GCC_WARN_ABOUT_RETURN_TYPE = YES_ERROR;
				GCC_WARN_UNDECLARED_SELECTOR = YES;
				GCC_WARN_UNINITIALIZED_AUTOS = YES_AGGRESSIVE;
				GCC_WARN_UNUSED_FUNCTION = YES;
				GCC_WARN_UNUSED_VARIABLE = YES;
				IPHONEOS_DEPLOYMENT_TARGET = 18.2;
				LOCALIZATION_PREFERS_STRING_CATALOGS = YES;
				MTL_ENABLE_DEBUG_INFO = INCLUDE_SOURCE;
				MTL_FAST_MATH = YES;
				ONLY_ACTIVE_ARCH = YES;
				SDKROOT = iphoneos;
				SWIFT_ACTIVE_COMPILATION_CONDITIONS = "DEBUG $(inherited)";
				SWIFT_OPTIMIZATION_LEVEL = "-Onone";
			};
			name = Debug;
		};
		A52B676D2D70363300EBCC94 /* Release */ = {
			isa = XCBuildConfiguration;
			buildSettings = {
				ALWAYS_SEARCH_USER_PATHS = NO;
				ASSETCATALOG_COMPILER_GENERATE_SWIFT_ASSET_SYMBOL_EXTENSIONS = YES;
				CLANG_ANALYZER_LOCALIZABILITY_NONLOCALIZED = YES;
				CLANG_ANALYZER_NONNULL = YES;
				CLANG_ANALYZER_NUMBER_OBJECT_CONVERSION = YES_AGGRESSIVE;
				CLANG_CXX_LANGUAGE_STANDARD = "gnu++20";
				CLANG_ENABLE_MODULES = YES;
				CLANG_ENABLE_OBJC_ARC = YES;
				CLANG_ENABLE_OBJC_WEAK = YES;
				CLANG_WARN_BLOCK_CAPTURE_AUTORELEASING = YES;
				CLANG_WARN_BOOL_CONVERSION = YES;
				CLANG_WARN_COMMA = YES;
				CLANG_WARN_CONSTANT_CONVERSION = YES;
				CLANG_WARN_DEPRECATED_OBJC_IMPLEMENTATIONS = YES;
				CLANG_WARN_DIRECT_OBJC_ISA_USAGE = YES_ERROR;
				CLANG_WARN_DOCUMENTATION_COMMENTS = YES;
				CLANG_WARN_EMPTY_BODY = YES;
				CLANG_WARN_ENUM_CONVERSION = YES;
				CLANG_WARN_INFINITE_RECURSION = YES;
				CLANG_WARN_INT_CONVERSION = YES;
				CLANG_WARN_NON_LITERAL_NULL_CONVERSION = YES;
				CLANG_WARN_OBJC_IMPLICIT_RETAIN_SELF = YES;
				CLANG_WARN_OBJC_LITERAL_CONVERSION = YES;
				CLANG_WARN_OBJC_ROOT_CLASS = YES_ERROR;
				CLANG_WARN_QUOTED_INCLUDE_IN_FRAMEWORK_HEADER = YES;
				CLANG_WARN_RANGE_LOOP_ANALYSIS = YES;
				CLANG_WARN_STRICT_PROTOTYPES = YES;
				CLANG_WARN_SUSPICIOUS_MOVE = YES;
				CLANG_WARN_UNGUARDED_AVAILABILITY = YES_AGGRESSIVE;
				CLANG_WARN_UNREACHABLE_CODE = YES;
				CLANG_WARN__DUPLICATE_METHOD_MATCH = YES;
				COPY_PHASE_STRIP = NO;
				DEBUG_INFORMATION_FORMAT = "dwarf-with-dsym";
				ENABLE_NS_ASSERTIONS = NO;
				ENABLE_STRICT_OBJC_MSGSEND = YES;
				ENABLE_USER_SCRIPT_SANDBOXING = YES;
				GCC_C_LANGUAGE_STANDARD = gnu17;
				GCC_NO_COMMON_BLOCKS = YES;
				GCC_WARN_64_TO_32_BIT_CONVERSION = YES;
				GCC_WARN_ABOUT_RETURN_TYPE = YES_ERROR;
				GCC_WARN_UNDECLARED_SELECTOR = YES;
				GCC_WARN_UNINITIALIZED_AUTOS = YES_AGGRESSIVE;
				GCC_WARN_UNUSED_FUNCTION = YES;
				GCC_WARN_UNUSED_VARIABLE = YES;
				IPHONEOS_DEPLOYMENT_TARGET = 18.2;
				LOCALIZATION_PREFERS_STRING_CATALOGS = YES;
				MTL_ENABLE_DEBUG_INFO = NO;
				MTL_FAST_MATH = YES;
				SDKROOT = iphoneos;
				SWIFT_COMPILATION_MODE = wholemodule;
				VALIDATE_PRODUCT = YES;
			};
			name = Release;
		};
		A52B676F2D70363300EBCC94 /* Debug */ = {
			isa = XCBuildConfiguration;
			buildSettings = {
				BUNDLE_LOADER = "$(TEST_HOST)";
				CODE_SIGN_STYLE = Automatic;
				CURRENT_PROJECT_VERSION = 1;
				DEVELOPMENT_TEAM = QN79D4T9G3;
				GENERATE_INFOPLIST_FILE = YES;
				IPHONEOS_DEPLOYMENT_TARGET = 18.2;
				MARKETING_VERSION = 1.0;
				PRODUCT_BUNDLE_IDENTIFIER = "boo.Hard-MADTests";
				PRODUCT_NAME = "$(TARGET_NAME)";
				SWIFT_EMIT_LOC_STRINGS = NO;
				SWIFT_VERSION = 5.0;
				TARGETED_DEVICE_FAMILY = "1,2";
				TEST_HOST = "$(BUILT_PRODUCTS_DIR)/Hard_MAD.app/$(BUNDLE_EXECUTABLE_FOLDER_PATH)/Hard_MAD";
			};
			name = Debug;
		};
		A52B67702D70363300EBCC94 /* Release */ = {
			isa = XCBuildConfiguration;
			buildSettings = {
				BUNDLE_LOADER = "$(TEST_HOST)";
				CODE_SIGN_STYLE = Automatic;
				CURRENT_PROJECT_VERSION = 1;
				DEVELOPMENT_TEAM = QN79D4T9G3;
				GENERATE_INFOPLIST_FILE = YES;
				IPHONEOS_DEPLOYMENT_TARGET = 18.2;
				MARKETING_VERSION = 1.0;
				PRODUCT_BUNDLE_IDENTIFIER = "boo.Hard-MADTests";
				PRODUCT_NAME = "$(TARGET_NAME)";
				SWIFT_EMIT_LOC_STRINGS = NO;
				SWIFT_VERSION = 5.0;
				TARGETED_DEVICE_FAMILY = "1,2";
				TEST_HOST = "$(BUILT_PRODUCTS_DIR)/Hard_MAD.app/$(BUNDLE_EXECUTABLE_FOLDER_PATH)/Hard_MAD";
			};
			name = Release;
		};
		A52B67722D70363300EBCC94 /* Debug */ = {
			isa = XCBuildConfiguration;
			buildSettings = {
				CODE_SIGN_STYLE = Automatic;
				CURRENT_PROJECT_VERSION = 1;
				DEVELOPMENT_TEAM = QN79D4T9G3;
				GENERATE_INFOPLIST_FILE = YES;
				MARKETING_VERSION = 1.0;
				PRODUCT_BUNDLE_IDENTIFIER = "boo.Hard-MADUITests";
				PRODUCT_NAME = "$(TARGET_NAME)";
				SWIFT_EMIT_LOC_STRINGS = NO;
				SWIFT_VERSION = 5.0;
				TARGETED_DEVICE_FAMILY = "1,2";
				TEST_TARGET_NAME = Hard_MAD;
			};
			name = Debug;
		};
		A52B67732D70363300EBCC94 /* Release */ = {
			isa = XCBuildConfiguration;
			buildSettings = {
				CODE_SIGN_STYLE = Automatic;
				CURRENT_PROJECT_VERSION = 1;
				DEVELOPMENT_TEAM = QN79D4T9G3;
				GENERATE_INFOPLIST_FILE = YES;
				MARKETING_VERSION = 1.0;
				PRODUCT_BUNDLE_IDENTIFIER = "boo.Hard-MADUITests";
				PRODUCT_NAME = "$(TARGET_NAME)";
				SWIFT_EMIT_LOC_STRINGS = NO;
				SWIFT_VERSION = 5.0;
				TARGETED_DEVICE_FAMILY = "1,2";
				TEST_TARGET_NAME = Hard_MAD;
			};
			name = Release;
		};
/* End XCBuildConfiguration section */

/* Begin XCConfigurationList section */
		A52B673B2D70363100EBCC94 /* Build configuration list for PBXProject "Hard_MAD" */ = {
			isa = XCConfigurationList;
			buildConfigurations = (
				A52B676C2D70363300EBCC94 /* Debug */,
				A52B676D2D70363300EBCC94 /* Release */,
			);
			defaultConfigurationIsVisible = 0;
			defaultConfigurationName = Release;
		};
		A52B67692D70363300EBCC94 /* Build configuration list for PBXNativeTarget "Hard_MAD" */ = {
			isa = XCConfigurationList;
			buildConfigurations = (
				A52B676A2D70363300EBCC94 /* Debug */,
				A52B676B2D70363300EBCC94 /* Release */,
			);
			defaultConfigurationIsVisible = 0;
			defaultConfigurationName = Release;
		};
		A52B676E2D70363300EBCC94 /* Build configuration list for PBXNativeTarget "Hard_MADTests" */ = {
			isa = XCConfigurationList;
			buildConfigurations = (
				A52B676F2D70363300EBCC94 /* Debug */,
				A52B67702D70363300EBCC94 /* Release */,
			);
			defaultConfigurationIsVisible = 0;
			defaultConfigurationName = Release;
		};
		A52B67712D70363300EBCC94 /* Build configuration list for PBXNativeTarget "Hard_MADUITests" */ = {
			isa = XCConfigurationList;
			buildConfigurations = (
				A52B67722D70363300EBCC94 /* Debug */,
				A52B67732D70363300EBCC94 /* Release */,
			);
			defaultConfigurationIsVisible = 0;
			defaultConfigurationName = Release;
		};
/* End XCConfigurationList section */
	};
	rootObject = A52B67382D70363100EBCC94 /* Project object */;
}
